
Microsoft Visual Studio Solution File, Format Version 12.00
# Visual Studio 15
VisualStudioVersion = 15.0.28307.489
MinimumVisualStudioVersion = 10.0.40219.1
Project("{FAE04EC0-301F-11D3-BF4B-00C04F79EFBC}") = "VideoUpload", "lag.party\VideoUpload.csproj", "{8BE23F52-1E6C-4A54-BA2F-3C01FA2FB325}"
EndProject
Global
	GlobalSection(SolutionConfigurationPlatforms) = preSolution
		Debug|Any CPU = Debug|Any CPU
		Release|Any CPU = Release|Any CPU
	EndGlobalSection
	GlobalSection(ProjectConfigurationPlatforms) = postSolution
		{8BE23F52-1E6C-4A54-BA2F-3C01FA2FB325}.Debug|Any CPU.ActiveCfg = Debug|Any CPU
		{8BE23F52-1E6C-4A54-BA2F-3C01FA2FB325}.Debug|Any CPU.Build.0 = Debug|Any CPU
		{8BE23F52-1E6C-4A54-BA2F-3C01FA2FB325}.Release|Any CPU.ActiveCfg = Release|Any CPU
		{8BE23F52-1E6C-4A54-BA2F-3C01FA2FB325}.Release|Any CPU.Build.0 = Release|Any CPU
	EndGlobalSection
	GlobalSection(SolutionProperties) = preSolution
		HideSolutionNode = FALSE
	EndGlobalSection
	GlobalSection(ExtensibilityGlobals) = postSolution
		SolutionGuid = {F7CD7D48-CBFF-4405-BC30-674B91DA139F}
	EndGlobalSection
EndGlobal
